
Microsoft Visual Studio Solution File, Format Version 12.00
# Visual Studio 15
VisualStudioVersion = 15.0.27130.2036
MinimumVisualStudioVersion = 10.0.40219.1
Project("{9A19103F-16F7-4668-BE54-9A1E7A4F7556}") = "SpaghettiGenerator", "SpaghettiGenerator\SpaghettiGenerator.csproj", "{EEA933FA-ED08-4046-A495-684ACD338DD4}"
EndProject
Global
	GlobalSection(SolutionConfigurationPlatforms) = preSolution
		Debug|Any CPU = Debug|Any CPU
		Release|Any CPU = Release|Any CPU
	EndGlobalSection
	GlobalSection(ProjectConfigurationPlatforms) = postSolution
		{EEA933FA-ED08-4046-A495-684ACD338DD4}.Debug|Any CPU.ActiveCfg = Debug|Any CPU
		{EEA933FA-ED08-4046-A495-684ACD338DD4}.Debug|Any CPU.Build.0 = Debug|Any CPU
		{EEA933FA-ED08-4046-A495-684ACD338DD4}.Release|Any CPU.ActiveCfg = Release|Any CPU
		{EEA933FA-ED08-4046-A495-684ACD338DD4}.Release|Any CPU.Build.0 = Release|Any CPU
	EndGlobalSection
	GlobalSection(SolutionProperties) = preSolution
		HideSolutionNode = FALSE
	EndGlobalSection
	GlobalSection(ExtensibilityGlobals) = postSolution
		SolutionGuid = {4EE95116-C78C-436E-84CE-DE20078DC366}
	EndGlobalSection
	GlobalSection(NDepend) = preSolution
		Project = ".\SpaghettiGenerator.ndproj"
	EndGlobalSection
EndGlobal
